
Microsoft Visual Studio Solution File, Format Version 12.00
# Visual Studio Version 17
VisualStudioVersion = 17.7.34221.43
MinimumVisualStudioVersion = 10.0.40219.1
Project("{FAE04EC0-301F-11D3-BF4B-00C04F79EFBC}") = "QuoteBookMVC", "QuoteBookMVC\QuoteBookMVC.csproj", "{AF9CFB35-9A13-4759-962B-B537032C024B}"
EndProject
Global
	GlobalSection(SolutionConfigurationPlatforms) = preSolution
		Debug|Any CPU = Debug|Any CPU
		Release|Any CPU = Release|Any CPU
	EndGlobalSection
	GlobalSection(ProjectConfigurationPlatforms) = postSolution
		{AF9CFB35-9A13-4759-962B-B537032C024B}.Debug|Any CPU.ActiveCfg = Debug|Any CPU
		{AF9CFB35-9A13-4759-962B-B537032C024B}.Debug|Any CPU.Build.0 = Debug|Any CPU
		{AF9CFB35-9A13-4759-962B-B537032C024B}.Release|Any CPU.ActiveCfg = Release|Any CPU
		{AF9CFB35-9A13-4759-962B-B537032C024B}.Release|Any CPU.Build.0 = Release|Any CPU
	EndGlobalSection
	GlobalSection(SolutionProperties) = preSolution
		HideSolutionNode = FALSE
	EndGlobalSection
	GlobalSection(ExtensibilityGlobals) = postSolution
		SolutionGuid = {A9733941-4FBD-4ADD-82EA-B2761EC4EED9}
	EndGlobalSection
EndGlobal
